
Microsoft Visual Studio Solution File, Format Version 12.00
# Visual Studio Version 17
VisualStudioVersion = 17.14.36202.13
MinimumVisualStudioVersion = 10.0.40219.1
Project("{FAE04EC0-301F-11D3-BF4B-00C04F79EFBC}") = "SmartPortaria", "SmartPortaria.csproj", "{E7209AAB-84B5-41F4-8469-31100487B413}"
EndProject
Project("{FAE04EC0-301F-11D3-BF4B-00C04F79EFBC}") = "SmartPortaria.Application", "..\SmartPortaria.Application\SmartPortaria.Application.csproj", "{32EF73B0-C0D0-43BF-A2AF-F71D9BC5FBED}"
EndProject
Project("{FAE04EC0-301F-11D3-BF4B-00C04F79EFBC}") = "SmartPortaria.Domain", "..\SmartPortaria.Domain\SmartPortaria.Domain.csproj", "{F9E31999-5E36-4CEC-B67A-5B5B250E4534}"
EndProject
Project("{FAE04EC0-301F-11D3-BF4B-00C04F79EFBC}") = "SmartPortaria.Infrastructure", "..\SmartPortaria.Infrastructure\SmartPortaria.Infrastructure.csproj", "{8FABF479-E839-4BB8-9B5C-459D4DFC2D79}"
EndProject
Global
	GlobalSection(SolutionConfigurationPlatforms) = preSolution
		Debug|Any CPU = Debug|Any CPU
		Release|Any CPU = Release|Any CPU
	EndGlobalSection
	GlobalSection(ProjectConfigurationPlatforms) = postSolution
		{E7209AAB-84B5-41F4-8469-31100487B413}.Debug|Any CPU.ActiveCfg = Debug|Any CPU
		{E7209AAB-84B5-41F4-8469-31100487B413}.Debug|Any CPU.Build.0 = Debug|Any CPU
		{E7209AAB-84B5-41F4-8469-31100487B413}.Release|Any CPU.ActiveCfg = Release|Any CPU
		{E7209AAB-84B5-41F4-8469-31100487B413}.Release|Any CPU.Build.0 = Release|Any CPU
		{32EF73B0-C0D0-43BF-A2AF-F71D9BC5FBED}.Debug|Any CPU.ActiveCfg = Debug|Any CPU
		{32EF73B0-C0D0-43BF-A2AF-F71D9BC5FBED}.Debug|Any CPU.Build.0 = Debug|Any CPU
		{32EF73B0-C0D0-43BF-A2AF-F71D9BC5FBED}.Release|Any CPU.ActiveCfg = Release|Any CPU
		{32EF73B0-C0D0-43BF-A2AF-F71D9BC5FBED}.Release|Any CPU.Build.0 = Release|Any CPU
		{F9E31999-5E36-4CEC-B67A-5B5B250E4534}.Debug|Any CPU.ActiveCfg = Debug|Any CPU
		{F9E31999-5E36-4CEC-B67A-5B5B250E4534}.Debug|Any CPU.Build.0 = Debug|Any CPU
		{F9E31999-5E36-4CEC-B67A-5B5B250E4534}.Release|Any CPU.ActiveCfg = Release|Any CPU
		{F9E31999-5E36-4CEC-B67A-5B5B250E4534}.Release|Any CPU.Build.0 = Release|Any CPU
		{8FABF479-E839-4BB8-9B5C-459D4DFC2D79}.Debug|Any CPU.ActiveCfg = Debug|Any CPU
		{8FABF479-E839-4BB8-9B5C-459D4DFC2D79}.Debug|Any CPU.Build.0 = Debug|Any CPU
		{8FABF479-E839-4BB8-9B5C-459D4DFC2D79}.Release|Any CPU.ActiveCfg = Release|Any CPU
		{8FABF479-E839-4BB8-9B5C-459D4DFC2D79}.Release|Any CPU.Build.0 = Release|Any CPU
	EndGlobalSection
	GlobalSection(SolutionProperties) = preSolution
		HideSolutionNode = FALSE
	EndGlobalSection
	GlobalSection(ExtensibilityGlobals) = postSolution
		SolutionGuid = {65562D63-F29C-4D07-BEC6-89A470D276EB}
	EndGlobalSection
EndGlobal
